// !$*UTF8*$!
{
	archiveVersion = 1;
	classes = {
	};
	objectVersion = 56;
	objects = {

/* Begin PBXBuildFile section */
		E5B71B2F2C07519C00EB32B7 /* polandmixApp.swift in Sources */ = {isa = PBXBuildFile; fileRef = E5B71B2E2C07519C00EB32B7 /* polandmixApp.swift */; };
		E5B71B312C07519C00EB32B7 /* ContentView.swift in Sources */ = {isa = PBXBuildFile; fileRef = E5B71B302C07519C00EB32B7 /* ContentView.swift */; };
		E5B71B332C07519E00EB32B7 /* Assets.xcassets in Resources */ = {isa = PBXBuildFile; fileRef = E5B71B322C07519E00EB32B7 /* Assets.xcassets */; };
		E5B71B362C07519E00EB32B7 /* Preview Assets.xcassets in Resources */ = {isa = PBXBuildFile; fileRef = E5B71B352C07519E00EB32B7 /* Preview Assets.xcassets */; };
		E5B71B402C07519E00EB32B7 /* polandmixTests.swift in Sources */ = {isa = PBXBuildFile; fileRef = E5B71B3F2C07519E00EB32B7 /* polandmixTests.swift */; };
		E5B71B4A2C07519E00EB32B7 /* polandmixUITests.swift in Sources */ = {isa = PBXBuildFile; fileRef = E5B71B492C07519E00EB32B7 /* polandmixUITests.swift */; };
		E5B71B4C2C07519E00EB32B7 /* polandmixUITestsLaunchTests.swift in Sources */ = {isa = PBXBuildFile; fileRef = E5B71B4B2C07519E00EB32B7 /* polandmixUITestsLaunchTests.swift */; };
		E5B71B592C0751CA00EB32B7 /* AudioManager.swift in Sources */ = {isa = PBXBuildFile; fileRef = E5B71B582C0751CA00EB32B7 /* AudioManager.swift */; };
		E5B71B5B2C0751F900EB32B7 /* AudioVisualizer.swift in Sources */ = {isa = PBXBuildFile; fileRef = E5B71B5A2C0751F900EB32B7 /* AudioVisualizer.swift */; };
/* End PBXBuildFile section */

/* Begin PBXContainerItemProxy section */
		E5B71B3C2C07519E00EB32B7 /* PBXContainerItemProxy */ = {
			isa = PBXContainerItemProxy;
			containerPortal = E5B71B232C07519C00EB32B7 /* Project object */;
			proxyType = 1;
			remoteGlobalIDString = E5B71B2A2C07519C00EB32B7;
			remoteInfo = polandmix;
		};
		E5B71B462C07519E00EB32B7 /* PBXContainerItemProxy */ = {
			isa = PBXContainerItemProxy;
			containerPortal = E5B71B232C07519C00EB32B7 /* Project object */;
			proxyType = 1;
			remoteGlobalIDString = E5B71B2A2C07519C00EB32B7;
			remoteInfo = polandmix;
		};
/* End PBXContainerItemProxy section */

/* Begin PBXFileReference section */
		E5111AB12C07A1AD002B74A3 /* Info.plist */ = {isa = PBXFileReference; lastKnownFileType = text.plist; path = Info.plist; sourceTree = "<group>"; };
		E5B71B2B2C07519C00EB32B7 /* polandmix.app */ = {isa = PBXFileReference; explicitFileType = wrapper.application; includeInIndex = 0; path = polandmix.app; sourceTree = BUILT_PRODUCTS_DIR; };
		E5B71B2E2C07519C00EB32B7 /* polandmixApp.swift */ = {isa = PBXFileReference; lastKnownFileType = sourcecode.swift; path = polandmixApp.swift; sourceTree = "<group>"; };
		E5B71B302C07519C00EB32B7 /* ContentView.swift */ = {isa = PBXFileReference; lastKnownFileType = sourcecode.swift; path = ContentView.swift; sourceTree = "<group>"; };
		E5B71B322C07519E00EB32B7 /* Assets.xcassets */ = {isa = PBXFileReference; lastKnownFileType = folder.assetcatalog; path = Assets.xcassets; sourceTree = "<group>"; };
		E5B71B352C07519E00EB32B7 /* Preview Assets.xcassets */ = {isa = PBXFileReference; lastKnownFileType = folder.assetcatalog; path = "Preview Assets.xcassets"; sourceTree = "<group>"; };
		E5B71B3B2C07519E00EB32B7 /* polandmixTests.xctest */ = {isa = PBXFileReference; explicitFileType = wrapper.cfbundle; includeInIndex = 0; path = polandmixTests.xctest; sourceTree = BUILT_PRODUCTS_DIR; };
		E5B71B3F2C07519E00EB32B7 /* polandmixTests.swift */ = {isa = PBXFileReference; lastKnownFileType = sourcecode.swift; path = polandmixTests.swift; sourceTree = "<group>"; };
		E5B71B452C07519E00EB32B7 /* polandmixUITests.xctest */ = {isa = PBXFileReference; explicitFileType = wrapper.cfbundle; includeInIndex = 0; path = polandmixUITests.xctest; sourceTree = BUILT_PRODUCTS_DIR; };
		E5B71B492C07519E00EB32B7 /* polandmixUITests.swift */ = {isa = PBXFileReference; lastKnownFileType = sourcecode.swift; path = polandmixUITests.swift; sourceTree = "<group>"; };
		E5B71B4B2C07519E00EB32B7 /* polandmixUITestsLaunchTests.swift */ = {isa = PBXFileReference; lastKnownFileType = sourcecode.swift; path = polandmixUITestsLaunchTests.swift; sourceTree = "<group>"; };
		E5B71B582C0751CA00EB32B7 /* AudioManager.swift */ = {isa = PBXFileReference; lastKnownFileType = sourcecode.swift; path = AudioManager.swift; sourceTree = "<group>"; };
		E5B71B5A2C0751F900EB32B7 /* AudioVisualizer.swift */ = {isa = PBXFileReference; lastKnownFileType = sourcecode.swift; path = AudioVisualizer.swift; sourceTree = "<group>"; };
/* End PBXFileReference section */

/* Begin PBXFrameworksBuildPhase section */
		E5B71B282C07519C00EB32B7 /* Frameworks */ = {
			isa = PBXFrameworksBuildPhase;
			buildActionMask = 2147483647;
			files = (
			);
			runOnlyForDeploymentPostprocessing = 0;
		};
		E5B71B382C07519E00EB32B7 /* Frameworks */ = {
			isa = PBXFrameworksBuildPhase;
			buildActionMask = 2147483647;
			files = (
			);
			runOnlyForDeploymentPostprocessing = 0;
		};
		E5B71B422C07519E00EB32B7 /* Frameworks */ = {
			isa = PBXFrameworksBuildPhase;
			buildActionMask = 2147483647;
			files = (
			);
			runOnlyForDeploymentPostprocessing = 0;
		};
/* End PBXFrameworksBuildPhase section */

/* Begin PBXGroup section */
		E5B71B222C07519C00EB32B7 = {
			isa = PBXGroup;
			children = (
				E5B71B2D2C07519C00EB32B7 /* polandmix */,
				E5B71B3E2C07519E00EB32B7 /* polandmixTests */,
				E5B71B482C07519E00EB32B7 /* polandmixUITests */,
				E5B71B2C2C07519C00EB32B7 /* Products */,
			);
			sourceTree = "<group>";
		};
		E5B71B2C2C07519C00EB32B7 /* Products */ = {
			isa = PBXGroup;
			children = (
				E5B71B2B2C07519C00EB32B7 /* polandmix.app */,
				E5B71B3B2C07519E00EB32B7 /* polandmixTests.xctest */,
				E5B71B452C07519E00EB32B7 /* polandmixUITests.xctest */,
			);
			name = Products;
			sourceTree = "<group>";
		};
		E5B71B2D2C07519C00EB32B7 /* polandmix */ = {
			isa = PBXGroup;
			children = (
				E5111AB12C07A1AD002B74A3 /* Info.plist */,
				E5B71B2E2C07519C00EB32B7 /* polandmixApp.swift */,
				E5B71B302C07519C00EB32B7 /* ContentView.swift */,
				E5B71B5A2C0751F900EB32B7 /* AudioVisualizer.swift */,
				E5B71B582C0751CA00EB32B7 /* AudioManager.swift */,
				E5B71B322C07519E00EB32B7 /* Assets.xcassets */,
				E5B71B342C07519E00EB32B7 /* Preview Content */,
			);
			path = polandmix;
			sourceTree = "<group>";
		};
		E5B71B342C07519E00EB32B7 /* Preview Content */ = {
			isa = PBXGroup;
			children = (
				E5B71B352C07519E00EB32B7 /* Preview Assets.xcassets */,
			);
			path = "Preview Content";
			sourceTree = "<group>";
		};
		E5B71B3E2C07519E00EB32B7 /* polandmixTests */ = {
			isa = PBXGroup;
			children = (
				E5B71B3F2C07519E00EB32B7 /* polandmixTests.swift */,
			);
			path = polandmixTests;
			sourceTree = "<group>";
		};
		E5B71B482C07519E00EB32B7 /* polandmixUITests */ = {
			isa = PBXGroup;
			children = (
				E5B71B492C07519E00EB32B7 /* polandmixUITests.swift */,
				E5B71B4B2C07519E00EB32B7 /* polandmixUITestsLaunchTests.swift */,
			);
			path = polandmixUITests;
			sourceTree = "<group>";
		};
/* End PBXGroup section */

/* Begin PBXNativeTarget section */
		E5B71B2A2C07519C00EB32B7 /* polandmix */ = {
			isa = PBXNativeTarget;
			buildConfigurationList = E5B71B4F2C07519E00EB32B7 /* Build configuration list for PBXNativeTarget "polandmix" */;
			buildPhases = (
				E5B71B272C07519C00EB32B7 /* Sources */,
				E5B71B282C07519C00EB32B7 /* Frameworks */,
				E5B71B292C07519C00EB32B7 /* Resources */,
			);
			buildRules = (
			);
			dependencies = (
			);
			name = polandmix;
			productName = polandmix;
			productReference = E5B71B2B2C07519C00EB32B7 /* polandmix.app */;
			productType = "com.apple.product-type.application";
		};
		E5B71B3A2C07519E00EB32B7 /* polandmixTests */ = {
			isa = PBXNativeTarget;
			buildConfigurationList = E5B71B522C07519E00EB32B7 /* Build configuration list for PBXNativeTarget "polandmixTests" */;
			buildPhases = (
				E5B71B372C07519E00EB32B7 /* Sources */,
				E5B71B382C07519E00EB32B7 /* Frameworks */,
				E5B71B392C07519E00EB32B7 /* Resources */,
			);
			buildRules = (
			);
			dependencies = (
				E5B71B3D2C07519E00EB32B7 /* PBXTargetDependency */,
			);
			name = polandmixTests;
			productName = polandmixTests;
			productReference = E5B71B3B2C07519E00EB32B7 /* polandmixTests.xctest */;
			productType = "com.apple.product-type.bundle.unit-test";
		};
		E5B71B442C07519E00EB32B7 /* polandmixUITests */ = {
			isa = PBXNativeTarget;
			buildConfigurationList = E5B71B552C07519E00EB32B7 /* Build configuration list for PBXNativeTarget "polandmixUITests" */;
			buildPhases = (
				E5B71B412C07519E00EB32B7 /* Sources */,
				E5B71B422C07519E00EB32B7 /* Frameworks */,
				E5B71B432C07519E00EB32B7 /* Resources */,
			);
			buildRules = (
			);
			dependencies = (
				E5B71B472C07519E00EB32B7 /* PBXTargetDependency */,
			);
			name = polandmixUITests;
			productName = polandmixUITests;
			productReference = E5B71B452C07519E00EB32B7 /* polandmixUITests.xctest */;
			productType = "com.apple.product-type.bundle.ui-testing";
		};
/* End PBXNativeTarget section */

/* Begin PBXProject section */
		E5B71B232C07519C00EB32B7 /* Project object */ = {
			isa = PBXProject;
			attributes = {
				BuildIndependentTargetsInParallel = 1;
				LastSwiftUpdateCheck = 1540;
				LastUpgradeCheck = 1540;
				TargetAttributes = {
					E5B71B2A2C07519C00EB32B7 = {
						CreatedOnToolsVersion = 15.4;
					};
					E5B71B3A2C07519E00EB32B7 = {
						CreatedOnToolsVersion = 15.4;
						TestTargetID = E5B71B2A2C07519C00EB32B7;
					};
					E5B71B442C07519E00EB32B7 = {
						CreatedOnToolsVersion = 15.4;
						TestTargetID = E5B71B2A2C07519C00EB32B7;
					};
				};
			};
			buildConfigurationList = E5B71B262C07519C00EB32B7 /* Build configuration list for PBXProject "polandmix" */;
			compatibilityVersion = "Xcode 14.0";
			developmentRegion = en;
			hasScannedForEncodings = 0;
			knownRegions = (
				en,
				Base,
			);
			mainGroup = E5B71B222C07519C00EB32B7;
			productRefGroup = E5B71B2C2C07519C00EB32B7 /* Products */;
			projectDirPath = "";
			projectRoot = "";
			targets = (
				E5B71B2A2C07519C00EB32B7 /* polandmix */,
				E5B71B3A2C07519E00EB32B7 /* polandmixTests */,
				E5B71B442C07519E00EB32B7 /* polandmixUITests */,
			);
		};
/* End PBXProject section */

/* Begin PBXResourcesBuildPhase section */
		E5B71B292C07519C00EB32B7 /* Resources */ = {
			isa = PBXResourcesBuildPhase;
			buildActionMask = 2147483647;
			files = (
				E5B71B362C07519E00EB32B7 /* Preview Assets.xcassets in Resources */,
				E5B71B332C07519E00EB32B7 /* Assets.xcassets in Resources */,
			);
			runOnlyForDeploymentPostprocessing = 0;
		};
		E5B71B392C07519E00EB32B7 /* Resources */ = {
			isa = PBXResourcesBuildPhase;
			buildActionMask = 2147483647;
			files = (
			);
			runOnlyForDeploymentPostprocessing = 0;
		};
		E5B71B432C07519E00EB32B7 /* Resources */ = {
			isa = PBXResourcesBuildPhase;
			buildActionMask = 2147483647;
			files = (
			);
			runOnlyForDeploymentPostprocessing = 0;
		};
/* End PBXResourcesBuildPhase section */

/* Begin PBXSourcesBuildPhase section */
		E5B71B272C07519C00EB32B7 /* Sources */ = {
			isa = PBXSourcesBuildPhase;
			buildActionMask = 2147483647;
			files = (
				E5B71B5B2C0751F900EB32B7 /* AudioVisualizer.swift in Sources */,
				E5B71B592C0751CA00EB32B7 /* AudioManager.swift in Sources */,
				E5B71B312C07519C00EB32B7 /* ContentView.swift in Sources */,
				E5B71B2F2C07519C00EB32B7 /* polandmixApp.swift in Sources */,
			);
			runOnlyForDeploymentPostprocessing = 0;
		};
		E5B71B372C07519E00EB32B7 /* Sources */ = {
			isa = PBXSourcesBuildPhase;
			buildActionMask = 2147483647;
			files = (
				E5B71B402C07519E00EB32B7 /* polandmixTests.swift in Sources */,
			);
			runOnlyForDeploymentPostprocessing = 0;
		};
		E5B71B412C07519E00EB32B7 /* Sources */ = {
			isa = PBXSourcesBuildPhase;
			buildActionMask = 2147483647;
			files = (
				E5B71B4A2C07519E00EB32B7 /* polandmixUITests.swift in Sources */,
				E5B71B4C2C07519E00EB32B7 /* polandmixUITestsLaunchTests.swift in Sources */,
			);
			runOnlyForDeploymentPostprocessing = 0;
		};
/* End PBXSourcesBuildPhase section */

/* Begin PBXTargetDependency section */
		E5B71B3D2C07519E00EB32B7 /* PBXTargetDependency */ = {
			isa = PBXTargetDependency;
			target = E5B71B2A2C07519C00EB32B7 /* polandmix */;
			targetProxy = E5B71B3C2C07519E00EB32B7 /* PBXContainerItemProxy */;
		};
		E5B71B472C07519E00EB32B7 /* PBXTargetDependency */ = {
			isa = PBXTargetDependency;
			target = E5B71B2A2C07519C00EB32B7 /* polandmix */;
			targetProxy = E5B71B462C07519E00EB32B7 /* PBXContainerItemProxy */;
		};
/* End PBXTargetDependency section */

/* Begin XCBuildConfiguration section */
		E5B71B4D2C07519E00EB32B7 /* Debug */ = {
			isa = XCBuildConfiguration;
			buildSettings = {
				ALWAYS_SEARCH_USER_PATHS = NO;
				ASSETCATALOG_COMPILER_GENERATE_SWIFT_ASSET_SYMBOL_EXTENSIONS = YES;
				CLANG_ANALYZER_NONNULL = YES;
				CLANG_ANALYZER_NUMBER_OBJECT_CONVERSION = YES_AGGRESSIVE;
				CLANG_CXX_LANGUAGE_STANDARD = "gnu++20";
				CLANG_ENABLE_MODULES = YES;
				CLANG_ENABLE_OBJC_ARC = YES;
				CLANG_ENABLE_OBJC_WEAK = YES;
				CLANG_WARN_BLOCK_CAPTURE_AUTORELEASING = YES;
				CLANG_WARN_BOOL_CONVERSION = YES;
				CLANG_WARN_COMMA = YES;
				CLANG_WARN_CONSTANT_CONVERSION = YES;
				CLANG_WARN_DEPRECATED_OBJC_IMPLEMENTATIONS = YES;
				CLANG_WARN_DIRECT_OBJC_ISA_USAGE = YES_ERROR;
				CLANG_WARN_DOCUMENTATION_COMMENTS = YES;
				CLANG_WARN_EMPTY_BODY = YES;
				CLANG_WARN_ENUM_CONVERSION = YES;
				CLANG_WARN_INFINITE_RECURSION = YES;
				CLANG_WARN_INT_CONVERSION = YES;
				CLANG_WARN_NON_LITERAL_NULL_CONVERSION = YES;
				CLANG_WARN_OBJC_IMPLICIT_RETAIN_SELF = YES;
				CLANG_WARN_OBJC_LITERAL_CONVERSION = YES;
				CLANG_WARN_OBJC_ROOT_CLASS = YES_ERROR;
				CLANG_WARN_QUOTED_INCLUDE_IN_FRAMEWORK_HEADER = YES;
				CLANG_WARN_RANGE_LOOP_ANALYSIS = YES;
				CLANG_WARN_STRICT_PROTOTYPES = YES;
				CLANG_WARN_SUSPICIOUS_MOVE = YES;
				CLANG_WARN_UNGUARDED_AVAILABILITY = YES_AGGRESSIVE;
				CLANG_WARN_UNREACHABLE_CODE = YES;
				CLANG_WARN__DUPLICATE_METHOD_MATCH = YES;
				COPY_PHASE_STRIP = NO;
				DEBUG_INFORMATION_FORMAT = dwarf;
				ENABLE_STRICT_OBJC_MSGSEND = YES;
				ENABLE_TESTABILITY = YES;
				ENABLE_USER_SCRIPT_SANDBOXING = YES;
				GCC_C_LANGUAGE_STANDARD = gnu17;
				GCC_DYNAMIC_NO_PIC = NO;
				GCC_NO_COMMON_BLOCKS = YES;
				GCC_OPTIMIZATION_LEVEL = 0;
				GCC_PREPROCESSOR_DEFINITIONS = (
					"DEBUG=1",
					"$(inherited)",
				);
				GCC_WARN_64_TO_32_BIT_CONVERSION = YES;
				GCC_WARN_ABOUT_RETURN_TYPE = YES_ERROR;
				GCC_WARN_UNDECLARED_SELECTOR = YES;
				GCC_WARN_UNINITIALIZED_AUTOS = YES_AGGRESSIVE;
				GCC_WARN_UNUSED_FUNCTION = YES;
				GCC_WARN_UNUSED_VARIABLE = YES;
				IPHONEOS_DEPLOYMENT_TARGET = 17.5;
				LOCALIZATION_PREFERS_STRING_CATALOGS = YES;
				MTL_ENABLE_DEBUG_INFO = INCLUDE_SOURCE;
				MTL_FAST_MATH = YES;
				ONLY_ACTIVE_ARCH = YES;
				SDKROOT = iphoneos;
				SWIFT_ACTIVE_COMPILATION_CONDITIONS = "DEBUG $(inherited)";
				SWIFT_OPTIMIZATION_LEVEL = "-Onone";
			};
			name = Debug;
		};
		E5B71B4E2C07519E00EB32B7 /* Release */ = {
			isa = XCBuildConfiguration;
			buildSettings = {
				ALWAYS_SEARCH_USER_PATHS = NO;
				ASSETCATALOG_COMPILER_GENERATE_SWIFT_ASSET_SYMBOL_EXTENSIONS = YES;
				CLANG_ANALYZER_NONNULL = YES;
				CLANG_ANALYZER_NUMBER_OBJECT_CONVERSION = YES_AGGRESSIVE;
				CLANG_CXX_LANGUAGE_STANDARD = "gnu++20";
				CLANG_ENABLE_MODULES = YES;
				CLANG_ENABLE_OBJC_ARC = YES;
				CLANG_ENABLE_OBJC_WEAK = YES;
				CLANG_WARN_BLOCK_CAPTURE_AUTORELEASING = YES;
				CLANG_WARN_BOOL_CONVERSION = YES;
				CLANG_WARN_COMMA = YES;
				CLANG_WARN_CONSTANT_CONVERSION = YES;
				CLANG_WARN_DEPRECATED_OBJC_IMPLEMENTATIONS = YES;
				CLANG_WARN_DIRECT_OBJC_ISA_USAGE = YES_ERROR;
				CLANG_WARN_DOCUMENTATION_COMMENTS = YES;
				CLANG_WARN_EMPTY_BODY = YES;
				CLANG_WARN_ENUM_CONVERSION = YES;
				CLANG_WARN_INFINITE_RECURSION = YES;
				CLANG_WARN_INT_CONVERSION = YES;
				CLANG_WARN_NON_LITERAL_NULL_CONVERSION = YES;
				CLANG_WARN_OBJC_IMPLICIT_RETAIN_SELF = YES;
				CLANG_WARN_OBJC_LITERAL_CONVERSION = YES;
				CLANG_WARN_OBJC_ROOT_CLASS = YES_ERROR;
				CLANG_WARN_QUOTED_INCLUDE_IN_FRAMEWORK_HEADER = YES;
				CLANG_WARN_RANGE_LOOP_ANALYSIS = YES;
				CLANG_WARN_STRICT_PROTOTYPES = YES;
				CLANG_WARN_SUSPICIOUS_MOVE = YES;
				CLANG_WARN_UNGUARDED_AVAILABILITY = YES_AGGRESSIVE;
				CLANG_WARN_UNREACHABLE_CODE = YES;
				CLANG_WARN__DUPLICATE_METHOD_MATCH = YES;
				COPY_PHASE_STRIP = NO;
				DEBUG_INFORMATION_FORMAT = "dwarf-with-dsym";
				ENABLE_NS_ASSERTIONS = NO;
				ENABLE_STRICT_OBJC_MSGSEND = YES;
				ENABLE_USER_SCRIPT_SANDBOXING = YES;
				GCC_C_LANGUAGE_STANDARD = gnu17;
				GCC_NO_COMMON_BLOCKS = YES;
				GCC_WARN_64_TO_32_BIT_CONVERSION = YES;
				GCC_WARN_ABOUT_RETURN_TYPE = YES_ERROR;
				GCC_WARN_UNDECLARED_SELECTOR = YES;
				GCC_WARN_UNINITIALIZED_AUTOS = YES_AGGRESSIVE;
				GCC_WARN_UNUSED_FUNCTION = YES;
				GCC_WARN_UNUSED_VARIABLE = YES;
				IPHONEOS_DEPLOYMENT_TARGET = 17.5;
				LOCALIZATION_PREFERS_STRING_CATALOGS = YES;
				MTL_ENABLE_DEBUG_INFO = NO;
				MTL_FAST_MATH = YES;
				SDKROOT = iphoneos;
				SWIFT_COMPILATION_MODE = wholemodule;
				VALIDATE_PRODUCT = YES;
			};
			name = Release;
		};
		E5B71B502C07519E00EB32B7 /* Debug */ = {
			isa = XCBuildConfiguration;
			buildSettings = {
				ASSETCATALOG_COMPILER_APPICON_NAME = AppIcon;
				ASSETCATALOG_COMPILER_GLOBAL_ACCENT_COLOR_NAME = AccentColor;
				ASSETCATALOG_COMPILER_INCLUDE_ALL_APPICON_ASSETS = YES;
				CODE_SIGN_IDENTITY = "Apple Development";
				CODE_SIGN_STYLE = Automatic;
				CURRENT_PROJECT_VERSION = 1;
				DEVELOPMENT_ASSET_PATHS = "\"polandmix/Preview Content\"";
				DEVELOPMENT_TEAM = M587F35NF2;
				ENABLE_PREVIEWS = YES;
				GENERATE_INFOPLIST_FILE = YES;
				INFOPLIST_FILE = polandmix/Info.plist;
				INFOPLIST_KEY_UIApplicationSceneManifest_Generation = YES;
				INFOPLIST_KEY_UIApplicationSupportsIndirectInputEvents = YES;
				INFOPLIST_KEY_UILaunchScreen_Generation = YES;
				INFOPLIST_KEY_UISupportedInterfaceOrientations_iPad = "UIInterfaceOrientationPortrait UIInterfaceOrientationPortraitUpsideDown UIInterfaceOrientationLandscapeLeft UIInterfaceOrientationLandscapeRight";
				INFOPLIST_KEY_UISupportedInterfaceOrientations_iPhone = "UIInterfaceOrientationPortrait UIInterfaceOrientationLandscapeLeft UIInterfaceOrientationLandscapeRight";
				LD_RUNPATH_SEARCH_PATHS = (
					"$(inherited)",
					"@executable_path/Frameworks",
				);
				MARKETING_VERSION = 1.0;
				PRODUCT_BUNDLE_IDENTIFIER = polandmix;
				PRODUCT_NAME = "$(TARGET_NAME)";
				PROVISIONING_PROFILE_SPECIFIER = "";
				SUPPORTED_PLATFORMS = "iphoneos iphonesimulator";
				SUPPORTS_MACCATALYST = NO;
				SUPPORTS_MAC_DESIGNED_FOR_IPHONE_IPAD = NO;
				SUPPORTS_XR_DESIGNED_FOR_IPHONE_IPAD = NO;
				SWIFT_EMIT_LOC_STRINGS = YES;
				SWIFT_VERSION = 5.0;
				TARGETED_DEVICE_FAMILY = 1;
			};
			name = Debug;
		};
		E5B71B512C07519E00EB32B7 /* Release */ = {
			isa = XCBuildConfiguration;
			buildSettings = {
				ASSETCATALOG_COMPILER_APPICON_NAME = AppIcon;
				ASSETCATALOG_COMPILER_GLOBAL_ACCENT_COLOR_NAME = AccentColor;
				ASSETCATALOG_COMPILER_INCLUDE_ALL_APPICON_ASSETS = YES;
				CODE_SIGN_IDENTITY = "Apple Development";
				CODE_SIGN_STYLE = Automatic;
				CURRENT_PROJECT_VERSION = 1;
				DEVELOPMENT_ASSET_PATHS = "\"polandmix/Preview Content\"";
				DEVELOPMENT_TEAM = M587F35NF2;
				ENABLE_PREVIEWS = YES;
				GENERATE_INFOPLIST_FILE = YES;
				INFOPLIST_FILE = polandmix/Info.plist;
				INFOPLIST_KEY_UIApplicationSceneManifest_Generation = YES;
				INFOPLIST_KEY_UIApplicationSupportsIndirectInputEvents = YES;
				INFOPLIST_KEY_UILaunchScreen_Generation = YES;
				INFOPLIST_KEY_UISupportedInterfaceOrientations_iPad = "UIInterfaceOrientationPortrait UIInterfaceOrientationPortraitUpsideDown UIInterfaceOrientationLandscapeLeft UIInterfaceOrientationLandscapeRight";
				INFOPLIST_KEY_UISupportedInterfaceOrientations_iPhone = "UIInterfaceOrientationPortrait UIInterfaceOrientationLandscapeLeft UIInterfaceOrientationLandscapeRight";
				LD_RUNPATH_SEARCH_PATHS = (
					"$(inherited)",
					"@executable_path/Frameworks",
				);
				MARKETING_VERSION = 1.0;
				PRODUCT_BUNDLE_IDENTIFIER = polandmix;
				PRODUCT_NAME = "$(TARGET_NAME)";
				PROVISIONING_PROFILE_SPECIFIER = "";
				SUPPORTED_PLATFORMS = "iphoneos iphonesimulator";
				SUPPORTS_MACCATALYST = NO;
				SUPPORTS_MAC_DESIGNED_FOR_IPHONE_IPAD = NO;
				SUPPORTS_XR_DESIGNED_FOR_IPHONE_IPAD = NO;
				SWIFT_EMIT_LOC_STRINGS = YES;
				SWIFT_VERSION = 5.0;
				TARGETED_DEVICE_FAMILY = 1;
			};
			name = Release;
		};
		E5B71B532C07519E00EB32B7 /* Debug */ = {
			isa = XCBuildConfiguration;
			buildSettings = {
				ALWAYS_EMBED_SWIFT_STANDARD_LIBRARIES = YES;
				BUNDLE_LOADER = "$(TEST_HOST)";
				CODE_SIGN_STYLE = Automatic;
				CURRENT_PROJECT_VERSION = 1;
				DEVELOPMENT_TEAM = 53ZUS6YH3H;
				GENERATE_INFOPLIST_FILE = YES;
				IPHONEOS_DEPLOYMENT_TARGET = 17.5;
				MARKETING_VERSION = 1.0;
				PRODUCT_BUNDLE_IDENTIFIER = test.polandmixTests;
				PRODUCT_NAME = "$(TARGET_NAME)";
				SWIFT_EMIT_LOC_STRINGS = NO;
				SWIFT_VERSION = 5.0;
				TARGETED_DEVICE_FAMILY = "1,2";
				TEST_HOST = "$(BUILT_PRODUCTS_DIR)/polandmix.app/$(BUNDLE_EXECUTABLE_FOLDER_PATH)/polandmix";
			};
			name = Debug;
		};
		E5B71B542C07519E00EB32B7 /* Release */ = {
			isa = XCBuildConfiguration;
			buildSettings = {
				ALWAYS_EMBED_SWIFT_STANDARD_LIBRARIES = YES;
				BUNDLE_LOADER = "$(TEST_HOST)";
				CODE_SIGN_STYLE = Automatic;
				CURRENT_PROJECT_VERSION = 1;
				DEVELOPMENT_TEAM = 53ZUS6YH3H;
				GENERATE_INFOPLIST_FILE = YES;
				IPHONEOS_DEPLOYMENT_TARGET = 17.5;
				MARKETING_VERSION = 1.0;
				PRODUCT_BUNDLE_IDENTIFIER = test.polandmixTests;
				PRODUCT_NAME = "$(TARGET_NAME)";
				SWIFT_EMIT_LOC_STRINGS = NO;
				SWIFT_VERSION = 5.0;
				TARGETED_DEVICE_FAMILY = "1,2";
				TEST_HOST = "$(BUILT_PRODUCTS_DIR)/polandmix.app/$(BUNDLE_EXECUTABLE_FOLDER_PATH)/polandmix";
			};
			name = Release;
		};
		E5B71B562C07519E00EB32B7 /* Debug */ = {
			isa = XCBuildConfiguration;
			buildSettings = {
				ALWAYS_EMBED_SWIFT_STANDARD_LIBRARIES = YES;
				CODE_SIGN_STYLE = Automatic;
				CURRENT_PROJECT_VERSION = 1;
				DEVELOPMENT_TEAM = 53ZUS6YH3H;
				GENERATE_INFOPLIST_FILE = YES;
				MARKETING_VERSION = 1.0;
				PRODUCT_BUNDLE_IDENTIFIER = test.polandmixUITests;
				PRODUCT_NAME = "$(TARGET_NAME)";
				SWIFT_EMIT_LOC_STRINGS = NO;
				SWIFT_VERSION = 5.0;
				TARGETED_DEVICE_FAMILY = "1,2";
				TEST_TARGET_NAME = polandmix;
			};
			name = Debug;
		};
		E5B71B572C07519E00EB32B7 /* Release */ = {
			isa = XCBuildConfiguration;
			buildSettings = {
				ALWAYS_EMBED_SWIFT_STANDARD_LIBRARIES = YES;
				CODE_SIGN_STYLE = Automatic;
				CURRENT_PROJECT_VERSION = 1;
				DEVELOPMENT_TEAM = 53ZUS6YH3H;
				GENERATE_INFOPLIST_FILE = YES;
				MARKETING_VERSION = 1.0;
				PRODUCT_BUNDLE_IDENTIFIER = test.polandmixUITests;
				PRODUCT_NAME = "$(TARGET_NAME)";
				SWIFT_EMIT_LOC_STRINGS = NO;
				SWIFT_VERSION = 5.0;
				TARGETED_DEVICE_FAMILY = "1,2";
				TEST_TARGET_NAME = polandmix;
			};
			name = Release;
		};
/* End XCBuildConfiguration section */

/* Begin XCConfigurationList section */
		E5B71B262C07519C00EB32B7 /* Build configuration list for PBXProject "polandmix" */ = {
			isa = XCConfigurationList;
			buildConfigurations = (
				E5B71B4D2C07519E00EB32B7 /* Debug */,
				E5B71B4E2C07519E00EB32B7 /* Release */,
			);
			defaultConfigurationIsVisible = 0;
			defaultConfigurationName = Release;
		};
		E5B71B4F2C07519E00EB32B7 /* Build configuration list for PBXNativeTarget "polandmix" */ = {
			isa = XCConfigurationList;
			buildConfigurations = (
				E5B71B502C07519E00EB32B7 /* Debug */,
				E5B71B512C07519E00EB32B7 /* Release */,
			);
			defaultConfigurationIsVisible = 0;
			defaultConfigurationName = Release;
		};
		E5B71B522C07519E00EB32B7 /* Build configuration list for PBXNativeTarget "polandmixTests" */ = {
			isa = XCConfigurationList;
			buildConfigurations = (
				E5B71B532C07519E00EB32B7 /* Debug */,
				E5B71B542C07519E00EB32B7 /* Release */,
			);
			defaultConfigurationIsVisible = 0;
			defaultConfigurationName = Release;
		};
		E5B71B552C07519E00EB32B7 /* Build configuration list for PBXNativeTarget "polandmixUITests" */ = {
			isa = XCConfigurationList;
			buildConfigurations = (
				E5B71B562C07519E00EB32B7 /* Debug */,
				E5B71B572C07519E00EB32B7 /* Release */,
			);
			defaultConfigurationIsVisible = 0;
			defaultConfigurationName = Release;
		};
/* End XCConfigurationList section */
	};
	rootObject = E5B71B232C07519C00EB32B7 /* Project object */;
}
